
Microsoft Visual Studio Solution File, Format Version 11.00
# Visual Studio 2010
Project("{FAE04EC0-301F-11D3-BF4B-00C04F79EFBC}") = "Assembly-CSharp", "Assembly-CSharp.csproj", "{94266e71-22cb-9a75-1e4e-53f10da66e22}"
EndProject
Project("{FAE04EC0-301F-11D3-BF4B-00C04F79EFBC}") = "Assembly-CSharp-Editor", "Assembly-CSharp-Editor.csproj", "{3249b444-931f-c8d7-a8ac-e3443ca68f35}"
EndProject
Global
	GlobalSection(SolutionConfigurationPlatforms) = preSolution
		Debug|Any CPU = Debug|Any CPU
	EndGlobalSection
	GlobalSection(ProjectConfigurationPlatforms) = postSolution
		{94266e71-22cb-9a75-1e4e-53f10da66e22}.Debug|Any CPU.ActiveCfg = Debug|Any CPU
		{94266e71-22cb-9a75-1e4e-53f10da66e22}.Debug|Any CPU.Build.0 = Debug|Any CPU
		{3249b444-931f-c8d7-a8ac-e3443ca68f35}.Debug|Any CPU.ActiveCfg = Debug|Any CPU
		{3249b444-931f-c8d7-a8ac-e3443ca68f35}.Debug|Any CPU.Build.0 = Debug|Any CPU
	EndGlobalSection
	GlobalSection(SolutionProperties) = preSolution
		HideSolutionNode = FALSE
	EndGlobalSection
EndGlobal
